
Microsoft Visual Studio Solution File, Format Version 12.00
# Visual Studio Version 17
VisualStudioVersion = 17.8.34330.188
MinimumVisualStudioVersion = 10.0.40219.1
Project("{9A19103F-16F7-4668-BE54-9A1E7A4F7556}") = "Movies.API", "Movies.API\Movies.API.csproj", "{EFA48013-6E87-4B4D-8916-9ACF8188C9D8}"
EndProject
Project("{FAE04EC0-301F-11D3-BF4B-00C04F79EFBC}") = "IdentityServer", "IdentityServer\IdentityServer.csproj", "{723711A7-BA6E-4DF3-8A86-6FD76D1408A7}"
EndProject
Project("{FAE04EC0-301F-11D3-BF4B-00C04F79EFBC}") = "Movies.Client", "Movies.Client\Movies.Client.csproj", "{B9D72B66-B228-40ED-AE1A-7F4E0EB650AA}"
EndProject
Global
	GlobalSection(SolutionConfigurationPlatforms) = preSolution
		Debug|Any CPU = Debug|Any CPU
		Release|Any CPU = Release|Any CPU
	EndGlobalSection
	GlobalSection(ProjectConfigurationPlatforms) = postSolution
		{EFA48013-6E87-4B4D-8916-9ACF8188C9D8}.Debug|Any CPU.ActiveCfg = Debug|Any CPU
		{EFA48013-6E87-4B4D-8916-9ACF8188C9D8}.Debug|Any CPU.Build.0 = Debug|Any CPU
		{EFA48013-6E87-4B4D-8916-9ACF8188C9D8}.Release|Any CPU.ActiveCfg = Release|Any CPU
		{EFA48013-6E87-4B4D-8916-9ACF8188C9D8}.Release|Any CPU.Build.0 = Release|Any CPU
		{723711A7-BA6E-4DF3-8A86-6FD76D1408A7}.Debug|Any CPU.ActiveCfg = Debug|Any CPU
		{723711A7-BA6E-4DF3-8A86-6FD76D1408A7}.Debug|Any CPU.Build.0 = Debug|Any CPU
		{723711A7-BA6E-4DF3-8A86-6FD76D1408A7}.Release|Any CPU.ActiveCfg = Release|Any CPU
		{723711A7-BA6E-4DF3-8A86-6FD76D1408A7}.Release|Any CPU.Build.0 = Release|Any CPU
		{B9D72B66-B228-40ED-AE1A-7F4E0EB650AA}.Debug|Any CPU.ActiveCfg = Debug|Any CPU
		{B9D72B66-B228-40ED-AE1A-7F4E0EB650AA}.Debug|Any CPU.Build.0 = Debug|Any CPU
		{B9D72B66-B228-40ED-AE1A-7F4E0EB650AA}.Release|Any CPU.ActiveCfg = Release|Any CPU
		{B9D72B66-B228-40ED-AE1A-7F4E0EB650AA}.Release|Any CPU.Build.0 = Release|Any CPU
	EndGlobalSection
	GlobalSection(SolutionProperties) = preSolution
		HideSolutionNode = FALSE
	EndGlobalSection
	GlobalSection(ExtensibilityGlobals) = postSolution
		SolutionGuid = {2793CC19-610C-4D45-8763-D688396846CB}
	EndGlobalSection
EndGlobal
